{
  "nodes": {
    "nixpkgs": {
      "locked": {
        "lastModified": 1786106723,
        "narHash": "sha256-zDSUbpoeo/9ZmD2+wXnzxoo1+uhL8vxc0b8yuYMKYq0=",
        "owner": "NixOS",
        "repo": "nixpkgs",
        "rev": "f13ff45afd1bb73e640eaa08a7066dbed07e3238",
        "type": "github"
      },
      "original": {
        "owner": "NixOS",
        "ref": "nixos-unstable",
        "repo": "nixpkgs",
        "type": "github"
      }
    },
    "recap-src": {
      "flake": false,
      "locked": {
        "lastModified": 1787737720,
        "narHash": "sha256-fe/9pE0gP5B7ZudQ1v82TYniiewvt5XrHcHXqqpGBFE=",
        "owner": "gortazar",
        "repo": "recap",
        "rev": "f9e2b9371ea3e677eb787ca8f589b8ad773ea3d2",
        "type": "github"
      },
      "original": {
        "owner": "gortazar",
        "repo": "recap",
        "type": "github"
      }
    },
    "root": {
      "inputs": {
        "nixpkgs": "nixpkgs",
        "recap-src": "recap-src"
      }
    }
  },
  "root": "root",
  "version": 7
}
