{
  "nodes": {
    "nixpkgs": {
      "locked": {
        "lastModified": 1786106723,
        "narHash": "sha256-zDSUbpoeo/9ZmD2+wXnzxoo1+uhL8vxc0b8yuYMKYq0=",
        "owner": "NixOS",
        "repo": "nixpkgs",
        "rev": "f13ff45afd1bb73e640eaa08a7066dbed07e3238",
        "type": "github"
      },
      "original": {
        "owner": "NixOS",
        "ref": "nixos-unstable",
        "repo": "nixpkgs",
        "type": "github"
      }
    },
    "recap-src": {
      "flake": false,
      "locked": {
        "lastModified": 1787551518,
        "narHash": "sha256-djGon76pQ2kbd6cBg0CnEEVEBsp1VrVZkM4oNjA3vkk=",
        "owner": "gortazar",
        "repo": "recap",
        "rev": "7e7d134a22d7e67b3a54f06218ffdd5e8747e7ec",
        "type": "github"
      },
      "original": {
        "owner": "gortazar",
        "repo": "recap",
        "type": "github"
      }
    },
    "root": {
      "inputs": {
        "nixpkgs": "nixpkgs",
        "recap-src": "recap-src"
      }
    }
  },
  "root": "root",
  "version": 7
}
