{
  "nodes": {
    "nixpkgs": {
      "locked": {
        "lastModified": 1786862985,
        "narHash": "sha256-FBJRXmbGXiSUDvYEbfLYRkckayyZ6SK1UEqhCrIZ2Cs=",
        "owner": "NixOS",
        "repo": "nixpkgs",
        "rev": "e5bdc4a41d4c072fe1e3787eaa0320a384741d44",
        "type": "github"
      },
      "original": {
        "owner": "NixOS",
        "ref": "nixos-unstable",
        "repo": "nixpkgs",
        "type": "github"
      }
    },
    "root": {
      "inputs": {
        "nixpkgs": "nixpkgs",
        "title-slides-src": "title-slides-src"
      }
    },
    "title-slides-src": {
      "flake": false,
      "locked": {
        "lastModified": 1787655979,
        "narHash": "sha256-SIzukOVz4eE+c5MuXZOi9YVRse1BgQn60bKjskLgYcw=",
        "owner": "gortazar",
        "repo": "title-slides",
        "rev": "596306154f7054e6d6ccd76d0a45c5af68f2c8be",
        "type": "github"
      },
      "original": {
        "owner": "gortazar",
        "repo": "title-slides",
        "type": "github"
      }
    }
  },
  "root": "root",
  "version": 7
}
