{
  "nodes": {
    "nixpkgs": {
      "locked": {
        "lastModified": 1786862985,
        "narHash": "sha256-FBJRXmbGXiSUDvYEbfLYRkckayyZ6SK1UEqhCrIZ2Cs=",
        "owner": "NixOS",
        "repo": "nixpkgs",
        "rev": "e5bdc4a41d4c072fe1e3787eaa0320a384741d44",
        "type": "github"
      },
      "original": {
        "owner": "NixOS",
        "ref": "nixos-unstable",
        "repo": "nixpkgs",
        "type": "github"
      }
    },
    "root": {
      "inputs": {
        "nixpkgs": "nixpkgs",
        "title-slides-src": "title-slides-src"
      }
    },
    "title-slides-src": {
      "flake": false,
      "locked": {
        "lastModified": 1786907892,
        "narHash": "sha256-37q/akfLw2BWNw696E9SXypQC5H27k9ivgpaKfZCWZM=",
        "owner": "gortazar",
        "repo": "title-slides",
        "rev": "1b319548cb974c5bbe618a1f5206fe8fd7cc4459",
        "type": "github"
      },
      "original": {
        "owner": "gortazar",
        "repo": "title-slides",
        "type": "github"
      }
    }
  },
  "root": "root",
  "version": 7
}
